// !$*UTF8*$!
{
	archiveVersion = 1;
	classes = {
	};
	objectVersion = 50;
	objects = {

/* Begin PBXBuildFile section */
		5AE6CD3D241326DA00DD443B /* AppDelegate.swift in Sources */ = {isa = PBXBuildFile; fileRef = 5AE6CD3C241326DA00DD443B /* AppDelegate.swift */; };
		5AE6CD41241326DA00DD443B /* ViewController.swift in Sources */ = {isa = PBXBuildFile; fileRef = 5AE6CD40241326DA00DD443B /* ViewController.swift */; };
		5AE6CD46241326DB00DD443B /* Assets.xcassets in Resources */ = {isa = PBXBuildFile; fileRef = 5AE6CD45241326DB00DD443B /* Assets.xcassets */; };
		5AE6CD49241326DB00DD443B /* LaunchScreen.storyboard in Resources */ = {isa = PBXBuildFile; fileRef = 5AE6CD47241326DB00DD443B /* LaunchScreen.storyboard */; };
		87F7BBA5E4CBC997D1792A03 /* Pods_AnalysisVariant.framework in Frameworks */ = {isa = PBXBuildFile; fileRef = EA9ED4BCC790C803A4BD5566 /* Pods_AnalysisVariant.framework */; };
/* End PBXBuildFile section */

/* Begin PBXFileReference section */
		0445AC10BAB42143723E1292 /* Pods-AnalysisVariant.debug.xcconfig */ = {isa = PBXFileReference; includeInIndex = 1; lastKnownFileType = text.xcconfig; name = "Pods-AnalysisVariant.debug.xcconfig"; path = "Target Support Files/Pods-AnalysisVariant/Pods-AnalysisVariant.debug.xcconfig"; sourceTree = "<group>"; };
		5AE6CD39241326DA00DD443B /* AnalysisVariant.app */ = {isa = PBXFileReference; explicitFileType = wrapper.application; includeInIndex = 0; path = AnalysisVariant.app; sourceTree = BUILT_PRODUCTS_DIR; };
		5AE6CD3C241326DA00DD443B /* AppDelegate.swift */ = {isa = PBXFileReference; lastKnownFileType = sourcecode.swift; path = AppDelegate.swift; sourceTree = "<group>"; };
		5AE6CD40241326DA00DD443B /* ViewController.swift */ = {isa = PBXFileReference; lastKnownFileType = sourcecode.swift; path = ViewController.swift; sourceTree = "<group>"; };
		5AE6CD45241326DB00DD443B /* Assets.xcassets */ = {isa = PBXFileReference; lastKnownFileType = folder.assetcatalog; path = Assets.xcassets; sourceTree = "<group>"; };
		5AE6CD48241326DB00DD443B /* Base */ = {isa = PBXFileReference; lastKnownFileType = file.storyboard; name = Base; path = Base.lproj/LaunchScreen.storyboard; sourceTree = "<group>"; };
		5AE6CD4A241326DB00DD443B /* Info.plist */ = {isa = PBXFileReference; lastKnownFileType = text.plist.xml; path = Info.plist; sourceTree = "<group>"; };
		9B08C229FACF2DC718B76474 /* Pods-AnalysisVariant.release.xcconfig */ = {isa = PBXFileReference; includeInIndex = 1; lastKnownFileType = text.xcconfig; name = "Pods-AnalysisVariant.release.xcconfig"; path = "Target Support Files/Pods-AnalysisVariant/Pods-AnalysisVariant.release.xcconfig"; sourceTree = "<group>"; };
		EA9ED4BCC790C803A4BD5566 /* Pods_AnalysisVariant.framework */ = {isa = PBXFileReference; explicitFileType = wrapper.framework; includeInIndex = 0; path = Pods_AnalysisVariant.framework; sourceTree = BUILT_PRODUCTS_DIR; };
/* End PBXFileReference section */

/* Begin PBXFrameworksBuildPhase section */
		5AE6CD36241326DA00DD443B /* Frameworks */ = {
			isa = PBXFrameworksBuildPhase;
			buildActionMask = 2147483647;
			files = (
				87F7BBA5E4CBC997D1792A03 /* Pods_AnalysisVariant.framework in Frameworks */,
			);
			runOnlyForDeploymentPostprocessing = 0;
		};
/* End PBXFrameworksBuildPhase section */

/* Begin PBXGroup section */
		5AE6CD30241326DA00DD443B = {
			isa = PBXGroup;
			children = (
				5AE6CD3B241326DA00DD443B /* AnalysisVariant */,
				5AE6CD3A241326DA00DD443B /* Products */,
				ABA7208552A570D097D6136D /* Pods */,
				C3D88E102E9829A03DEEB4DE /* Frameworks */,
			);
			sourceTree = "<group>";
		};
		5AE6CD3A241326DA00DD443B /* Products */ = {
			isa = PBXGroup;
			children = (
				5AE6CD39241326DA00DD443B /* AnalysisVariant.app */,
			);
			name = Products;
			sourceTree = "<group>";
		};
		5AE6CD3B241326DA00DD443B /* AnalysisVariant */ = {
			isa = PBXGroup;
			children = (
				5AE6CD3C241326DA00DD443B /* AppDelegate.swift */,
				5AE6CD40241326DA00DD443B /* ViewController.swift */,
				5AE6CD45241326DB00DD443B /* Assets.xcassets */,
				5AE6CD47241326DB00DD443B /* LaunchScreen.storyboard */,
				5AE6CD4A241326DB00DD443B /* Info.plist */,
			);
			path = AnalysisVariant;
			sourceTree = "<group>";
		};
		ABA7208552A570D097D6136D /* Pods */ = {
			isa = PBXGroup;
			children = (
				0445AC10BAB42143723E1292 /* Pods-AnalysisVariant.debug.xcconfig */,
				9B08C229FACF2DC718B76474 /* Pods-AnalysisVariant.release.xcconfig */,
			);
			name = Pods;
			path = Pods;
			sourceTree = "<group>";
		};
		C3D88E102E9829A03DEEB4DE /* Frameworks */ = {
			isa = PBXGroup;
			children = (
				EA9ED4BCC790C803A4BD5566 /* Pods_AnalysisVariant.framework */,
			);
			name = Frameworks;
			sourceTree = "<group>";
		};
/* End PBXGroup section */

/* Begin PBXNativeTarget section */
		5AE6CD38241326DA00DD443B /* AnalysisVariant */ = {
			isa = PBXNativeTarget;
			buildConfigurationList = 5AE6CD4D241326DB00DD443B /* Build configuration list for PBXNativeTarget "AnalysisVariant" */;
			buildPhases = (
				139AB503FB002DC5313B35CE /* [CP] Check Pods Manifest.lock */,
				5AE6CD35241326DA00DD443B /* Sources */,
				5AE6CD36241326DA00DD443B /* Frameworks */,
				5AE6CD37241326DA00DD443B /* Resources */,
				3AC24223CE0596578E620123 /* [CP] Embed Pods Frameworks */,
			);
			buildRules = (
			);
			dependencies = (
			);
			name = AnalysisVariant;
			productName = AnalysisVariant;
			productReference = 5AE6CD39241326DA00DD443B /* AnalysisVariant.app */;
			productType = "com.apple.product-type.application";
		};
/* End PBXNativeTarget section */

/* Begin PBXProject section */
		5AE6CD31241326DA00DD443B /* Project object */ = {
			isa = PBXProject;
			attributes = {
				LastSwiftUpdateCheck = 1130;
				LastUpgradeCheck = 1130;
				ORGANIZATIONNAME = "Michael Rebello";
				TargetAttributes = {
					5AE6CD38241326DA00DD443B = {
						CreatedOnToolsVersion = 11.3.1;
					};
				};
			};
			buildConfigurationList = 5AE6CD34241326DA00DD443B /* Build configuration list for PBXProject "AnalysisVariant" */;
			compatibilityVersion = "Xcode 9.3";
			developmentRegion = en;
			hasScannedForEncodings = 0;
			knownRegions = (
				en,
				Base,
			);
			mainGroup = 5AE6CD30241326DA00DD443B;
			productRefGroup = 5AE6CD3A241326DA00DD443B /* Products */;
			projectDirPath = "";
			projectRoot = "";
			targets = (
				5AE6CD38241326DA00DD443B /* AnalysisVariant */,
			);
		};
/* End PBXProject section */

/* Begin PBXResourcesBuildPhase section */
		5AE6CD37241326DA00DD443B /* Resources */ = {
			isa = PBXResourcesBuildPhase;
			buildActionMask = 2147483647;
			files = (
				5AE6CD49241326DB00DD443B /* LaunchScreen.storyboard in Resources */,
				5AE6CD46241326DB00DD443B /* Assets.xcassets in Resources */,
			);
			runOnlyForDeploymentPostprocessing = 0;
		};
/* End PBXResourcesBuildPhase section */

/* Begin PBXShellScriptBuildPhase section */
		139AB503FB002DC5313B35CE /* [CP] Check Pods Manifest.lock */ = {
			isa = PBXShellScriptBuildPhase;
			buildActionMask = 2147483647;
			files = (
			);
			inputFileListPaths = (
			);
			inputPaths = (
				"${PODS_PODFILE_DIR_PATH}/Podfile.lock",
				"${PODS_ROOT}/Manifest.lock",
			);
			name = "[CP] Check Pods Manifest.lock";
			outputFileListPaths = (
			);
			outputPaths = (
				"$(DERIVED_FILE_DIR)/Pods-AnalysisVariant-checkManifestLockResult.txt",
			);
			runOnlyForDeploymentPostprocessing = 0;
			shellPath = /bin/sh;
			shellScript = "diff \"${PODS_PODFILE_DIR_PATH}/Podfile.lock\" \"${PODS_ROOT}/Manifest.lock\" > /dev/null\nif [ $? != 0 ] ; then\n    # print error to STDERR\n    echo \"error: The sandbox is not in sync with the Podfile.lock. Run 'pod install' or update your CocoaPods installation.\" >&2\n    exit 1\nfi\n# This output is used by Xcode 'outputs' to avoid re-running this script phase.\necho \"SUCCESS\" > \"${SCRIPT_OUTPUT_FILE_0}\"\n";
			showEnvVarsInLog = 0;
		};
		3AC24223CE0596578E620123 /* [CP] Embed Pods Frameworks */ = {
			isa = PBXShellScriptBuildPhase;
			buildActionMask = 2147483647;
			files = (
			);
			inputFileListPaths = (
				"${PODS_ROOT}/Target Support Files/Pods-AnalysisVariant/Pods-AnalysisVariant-frameworks-${CONFIGURATION}-input-files.xcfilelist",
			);
			name = "[CP] Embed Pods Frameworks";
			outputFileListPaths = (
				"${PODS_ROOT}/Target Support Files/Pods-AnalysisVariant/Pods-AnalysisVariant-frameworks-${CONFIGURATION}-output-files.xcfilelist",
			);
			runOnlyForDeploymentPostprocessing = 0;
			shellPath = /bin/sh;
			shellScript = "\"${PODS_ROOT}/Target Support Files/Pods-AnalysisVariant/Pods-AnalysisVariant-frameworks.sh\"\n";
			showEnvVarsInLog = 0;
		};
/* End PBXShellScriptBuildPhase section */

/* Begin PBXSourcesBuildPhase section */
		5AE6CD35241326DA00DD443B /* Sources */ = {
			isa = PBXSourcesBuildPhase;
			buildActionMask = 2147483647;
			files = (
				5AE6CD41241326DA00DD443B /* ViewController.swift in Sources */,
				5AE6CD3D241326DA00DD443B /* AppDelegate.swift in Sources */,
			);
			runOnlyForDeploymentPostprocessing = 0;
		};
/* End PBXSourcesBuildPhase section */

/* Begin PBXVariantGroup section */
		5AE6CD47241326DB00DD443B /* LaunchScreen.storyboard */ = {
			isa = PBXVariantGroup;
			children = (
				5AE6CD48241326DB00DD443B /* Base */,
			);
			name = LaunchScreen.storyboard;
			sourceTree = "<group>";
		};
/* End PBXVariantGroup section */

/* Begin XCBuildConfiguration section */
		5AE6CD4B241326DB00DD443B /* Debug */ = {
			isa = XCBuildConfiguration;
			buildSettings = {
				ALWAYS_SEARCH_USER_PATHS = NO;
				CLANG_ANALYZER_NONNULL = YES;
				CLANG_ANALYZER_NUMBER_OBJECT_CONVERSION = YES_AGGRESSIVE;
				CLANG_CXX_LANGUAGE_STANDARD = "gnu++14";
				CLANG_CXX_LIBRARY = "libc++";
				CLANG_ENABLE_MODULES = YES;
				CLANG_ENABLE_OBJC_ARC = YES;
				CLANG_ENABLE_OBJC_WEAK = YES;
				CLANG_WARN_BLOCK_CAPTURE_AUTORELEASING = YES;
				CLANG_WARN_BOOL_CONVERSION = YES;
				CLANG_WARN_COMMA = YES;
				CLANG_WARN_CONSTANT_CONVERSION = YES;
				CLANG_WARN_DEPRECATED_OBJC_IMPLEMENTATIONS = YES;
				CLANG_WARN_DIRECT_OBJC_ISA_USAGE = YES_ERROR;
				CLANG_WARN_DOCUMENTATION_COMMENTS = YES;
				CLANG_WARN_EMPTY_BODY = YES;
				CLANG_WARN_ENUM_CONVERSION = YES;
				CLANG_WARN_INFINITE_RECURSION = YES;
				CLANG_WARN_INT_CONVERSION = YES;
				CLANG_WARN_NON_LITERAL_NULL_CONVERSION = YES;
				CLANG_WARN_OBJC_IMPLICIT_RETAIN_SELF = YES;
				CLANG_WARN_OBJC_LITERAL_CONVERSION = YES;
				CLANG_WARN_OBJC_ROOT_CLASS = YES_ERROR;
				CLANG_WARN_RANGE_LOOP_ANALYSIS = YES;
				CLANG_WARN_STRICT_PROTOTYPES = YES;
				CLANG_WARN_SUSPICIOUS_MOVE = YES;
				CLANG_WARN_UNGUARDED_AVAILABILITY = YES_AGGRESSIVE;
				CLANG_WARN_UNREACHABLE_CODE = YES;
				CLANG_WARN__DUPLICATE_METHOD_MATCH = YES;
				COPY_PHASE_STRIP = NO;
				DEBUG_INFORMATION_FORMAT = dwarf;
				ENABLE_STRICT_OBJC_MSGSEND = YES;
				ENABLE_TESTABILITY = YES;
				GCC_C_LANGUAGE_STANDARD = gnu11;
				GCC_DYNAMIC_NO_PIC = NO;
				GCC_NO_COMMON_BLOCKS = YES;
				GCC_OPTIMIZATION_LEVEL = 0;
				GCC_PREPROCESSOR_DEFINITIONS = (
					"DEBUG=1",
					"$(inherited)",
				);
				GCC_WARN_64_TO_32_BIT_CONVERSION = YES;
				GCC_WARN_ABOUT_RETURN_TYPE = YES_ERROR;
				GCC_WARN_UNDECLARED_SELECTOR = YES;
				GCC_WARN_UNINITIALIZED_AUTOS = YES_AGGRESSIVE;
				GCC_WARN_UNUSED_FUNCTION = YES;
				GCC_WARN_UNUSED_VARIABLE = YES;
				IPHONEOS_DEPLOYMENT_TARGET = 13.2;
				MTL_ENABLE_DEBUG_INFO = INCLUDE_SOURCE;
				MTL_FAST_MATH = YES;
				ONLY_ACTIVE_ARCH = YES;
				SDKROOT = iphoneos;
				SWIFT_ACTIVE_COMPILATION_CONDITIONS = DEBUG;
				SWIFT_OPTIMIZATION_LEVEL = "-Onone";
			};
			name = Debug;
		};
		5AE6CD4C241326DB00DD443B /* Release */ = {
			isa = XCBuildConfiguration;
			buildSettings = {
				ALWAYS_SEARCH_USER_PATHS = NO;
				CLANG_ANALYZER_NONNULL = YES;
				CLANG_ANALYZER_NUMBER_OBJECT_CONVERSION = YES_AGGRESSIVE;
				CLANG_CXX_LANGUAGE_STANDARD = "gnu++14";
				CLANG_CXX_LIBRARY = "libc++";
				CLANG_ENABLE_MODULES = YES;
				CLANG_ENABLE_OBJC_ARC = YES;
				CLANG_ENABLE_OBJC_WEAK = YES;
				CLANG_WARN_BLOCK_CAPTURE_AUTORELEASING = YES;
				CLANG_WARN_BOOL_CONVERSION = YES;
				CLANG_WARN_COMMA = YES;
				CLANG_WARN_CONSTANT_CONVERSION = YES;
				CLANG_WARN_DEPRECATED_OBJC_IMPLEMENTATIONS = YES;
				CLANG_WARN_DIRECT_OBJC_ISA_USAGE = YES_ERROR;
				CLANG_WARN_DOCUMENTATION_COMMENTS = YES;
				CLANG_WARN_EMPTY_BODY = YES;
				CLANG_WARN_ENUM_CONVERSION = YES;
				CLANG_WARN_INFINITE_RECURSION = YES;
				CLANG_WARN_INT_CONVERSION = YES;
				CLANG_WARN_NON_LITERAL_NULL_CONVERSION = YES;
				CLANG_WARN_OBJC_IMPLICIT_RETAIN_SELF = YES;
				CLANG_WARN_OBJC_LITERAL_CONVERSION = YES;
				CLANG_WARN_OBJC_ROOT_CLASS = YES_ERROR;
				CLANG_WARN_RANGE_LOOP_ANALYSIS = YES;
				CLANG_WARN_STRICT_PROTOTYPES = YES;
				CLANG_WARN_SUSPICIOUS_MOVE = YES;
				CLANG_WARN_UNGUARDED_AVAILABILITY = YES_AGGRESSIVE;
				CLANG_WARN_UNREACHABLE_CODE = YES;
				CLANG_WARN__DUPLICATE_METHOD_MATCH = YES;
				COPY_PHASE_STRIP = NO;
				DEBUG_INFORMATION_FORMAT = "dwarf-with-dsym";
				ENABLE_NS_ASSERTIONS = NO;
				ENABLE_STRICT_OBJC_MSGSEND = YES;
				GCC_C_LANGUAGE_STANDARD = gnu11;
				GCC_NO_COMMON_BLOCKS = YES;
				GCC_WARN_64_TO_32_BIT_CONVERSION = YES;
				GCC_WARN_ABOUT_RETURN_TYPE = YES_ERROR;
				GCC_WARN_UNDECLARED_SELECTOR = YES;
				GCC_WARN_UNINITIALIZED_AUTOS = YES_AGGRESSIVE;
				GCC_WARN_UNUSED_FUNCTION = YES;
				GCC_WARN_UNUSED_VARIABLE = YES;
				IPHONEOS_DEPLOYMENT_TARGET = 13.2;
				MTL_ENABLE_DEBUG_INFO = NO;
				MTL_FAST_MATH = YES;
				SDKROOT = iphoneos;
				SWIFT_COMPILATION_MODE = wholemodule;
				SWIFT_OPTIMIZATION_LEVEL = "-O";
				VALIDATE_PRODUCT = YES;
			};
			name = Release;
		};
		5AE6CD4E241326DB00DD443B /* Debug */ = {
			isa = XCBuildConfiguration;
			baseConfigurationReference = 0445AC10BAB42143723E1292 /* Pods-AnalysisVariant.debug.xcconfig */;
			buildSettings = {
				ASSETCATALOG_COMPILER_APPICON_NAME = AppIcon;
				CODE_SIGN_STYLE = Automatic;
				INFOPLIST_FILE = AnalysisVariant/Info.plist;
				LD_RUNPATH_SEARCH_PATHS = (
					"$(inherited)",
					"@executable_path/Frameworks",
				);
				PRODUCT_BUNDLE_IDENTIFIER = com.michaelrebello.AnalysisVariant;
				PRODUCT_NAME = "$(TARGET_NAME)";
				SWIFT_VERSION = 5.0;
				TARGETED_DEVICE_FAMILY = "1,2";
			};
			name = Debug;
		};
		5AE6CD4F241326DB00DD443B /* Release */ = {
			isa = XCBuildConfiguration;
			baseConfigurationReference = 9B08C229FACF2DC718B76474 /* Pods-AnalysisVariant.release.xcconfig */;
			buildSettings = {
				ASSETCATALOG_COMPILER_APPICON_NAME = AppIcon;
				CODE_SIGN_STYLE = Automatic;
				INFOPLIST_FILE = AnalysisVariant/Info.plist;
				LD_RUNPATH_SEARCH_PATHS = (
					"$(inherited)",
					"@executable_path/Frameworks",
				);
				PRODUCT_BUNDLE_IDENTIFIER = com.michaelrebello.AnalysisVariant;
				PRODUCT_NAME = "$(TARGET_NAME)";
				SWIFT_VERSION = 5.0;
				TARGETED_DEVICE_FAMILY = "1,2";
			};
			name = Release;
		};
/* End XCBuildConfiguration section */

/* Begin XCConfigurationList section */
		5AE6CD34241326DA00DD443B /* Build configuration list for PBXProject "AnalysisVariant" */ = {
			isa = XCConfigurationList;
			buildConfigurations = (
				5AE6CD4B241326DB00DD443B /* Debug */,
				5AE6CD4C241326DB00DD443B /* Release */,
			);
			defaultConfigurationIsVisible = 0;
			defaultConfigurationName = Release;
		};
		5AE6CD4D241326DB00DD443B /* Build configuration list for PBXNativeTarget "AnalysisVariant" */ = {
			isa = XCConfigurationList;
			buildConfigurations = (
				5AE6CD4E241326DB00DD443B /* Debug */,
				5AE6CD4F241326DB00DD443B /* Release */,
			);
			defaultConfigurationIsVisible = 0;
			defaultConfigurationName = Release;
		};
/* End XCConfigurationList section */
	};
	rootObject = 5AE6CD31241326DA00DD443B /* Project object */;
}
